
Microsoft Visual Studio Solution File, Format Version 12.00
# Visual Studio Version 16
VisualStudioVersion = 16.0.29230.47
MinimumVisualStudioVersion = 10.0.40219.1
Project("{FAE04EC0-301F-11D3-BF4B-00C04F79EFBC}") = "FireUpdate", "FireUpdate\FireUpdate.csproj", "{F88675DA-5AD6-4783-80A1-A8876F07839D}"
EndProject
Global
	GlobalSection(SolutionConfigurationPlatforms) = preSolution
		Debug|Any CPU = Debug|Any CPU
		Release|Any CPU = Release|Any CPU
	EndGlobalSection
	GlobalSection(ProjectConfigurationPlatforms) = postSolution
		{F88675DA-5AD6-4783-80A1-A8876F07839D}.Debug|Any CPU.ActiveCfg = Debug|Any CPU
		{F88675DA-5AD6-4783-80A1-A8876F07839D}.Debug|Any CPU.Build.0 = Debug|Any CPU
		{F88675DA-5AD6-4783-80A1-A8876F07839D}.Release|Any CPU.ActiveCfg = Release|Any CPU
		{F88675DA-5AD6-4783-80A1-A8876F07839D}.Release|Any CPU.Build.0 = Release|Any CPU
	EndGlobalSection
	GlobalSection(SolutionProperties) = preSolution
		HideSolutionNode = FALSE
	EndGlobalSection
	GlobalSection(ExtensibilityGlobals) = postSolution
		SolutionGuid = {7F8989BF-0E81-4907-8E77-80B002347800}
	EndGlobalSection
EndGlobal
